
Microsoft Visual Studio Solution File, Format Version 12.00
# Visual Studio Version 16
VisualStudioVersion = 16.0.30621.155
MinimumVisualStudioVersion = 10.0.40219.1
Project("{FAE04EC0-301F-11D3-BF4B-00C04F79EFBC}") = "SortDuration", "SortDuration\SortDuration.csproj", "{772AF256-0984-4846-9547-20CB7DB4532D}"
EndProject
Global
	GlobalSection(SolutionConfigurationPlatforms) = preSolution
		Debug|Any CPU = Debug|Any CPU
		Release|Any CPU = Release|Any CPU
	EndGlobalSection
	GlobalSection(ProjectConfigurationPlatforms) = postSolution
		{772AF256-0984-4846-9547-20CB7DB4532D}.Debug|Any CPU.ActiveCfg = Debug|Any CPU
		{772AF256-0984-4846-9547-20CB7DB4532D}.Debug|Any CPU.Build.0 = Debug|Any CPU
		{772AF256-0984-4846-9547-20CB7DB4532D}.Release|Any CPU.ActiveCfg = Release|Any CPU
		{772AF256-0984-4846-9547-20CB7DB4532D}.Release|Any CPU.Build.0 = Release|Any CPU
	EndGlobalSection
	GlobalSection(SolutionProperties) = preSolution
		HideSolutionNode = FALSE
	EndGlobalSection
	GlobalSection(ExtensibilityGlobals) = postSolution
		SolutionGuid = {FCFB3A1C-D742-40E3-AE22-79EF04027F31}
	EndGlobalSection
EndGlobal
